
Microsoft Visual Studio Solution File, Format Version 12.00
# Visual Studio Version 17
VisualStudioVersion = 17.0.32112.339
MinimumVisualStudioVersion = 10.0.40219.1
Project("{FAE04EC0-301F-11D3-BF4B-00C04F79EFBC}") = "ViewScreen", "ViewScreen\ViewScreen.csproj", "{BEA9318B-C478-4DE0-A219-0A2953F43836}"
EndProject
Global
	GlobalSection(SolutionConfigurationPlatforms) = preSolution
		Debug|Any CPU = Debug|Any CPU
		Release|Any CPU = Release|Any CPU
	EndGlobalSection
	GlobalSection(ProjectConfigurationPlatforms) = postSolution
		{BEA9318B-C478-4DE0-A219-0A2953F43836}.Debug|Any CPU.ActiveCfg = Debug|Any CPU
		{BEA9318B-C478-4DE0-A219-0A2953F43836}.Debug|Any CPU.Build.0 = Debug|Any CPU
		{BEA9318B-C478-4DE0-A219-0A2953F43836}.Release|Any CPU.ActiveCfg = Release|Any CPU
		{BEA9318B-C478-4DE0-A219-0A2953F43836}.Release|Any CPU.Build.0 = Release|Any CPU
	EndGlobalSection
	GlobalSection(SolutionProperties) = preSolution
		HideSolutionNode = FALSE
	EndGlobalSection
	GlobalSection(ExtensibilityGlobals) = postSolution
		SolutionGuid = {EF085F37-3D08-4600-91F6-3AA79D360203}
	EndGlobalSection
EndGlobal
